
Microsoft Visual Studio Solution File, Format Version 12.00
# Visual Studio 2012
Project("{FAE04EC0-301F-11D3-BF4B-00C04F79EFBC}") = "Task1Refactor", "Task1Refactor\Task1Refactor.csproj", "{8889AF1B-B23E-4727-8643-CCF45620A4C1}"
EndProject
Project("{FAE04EC0-301F-11D3-BF4B-00C04F79EFBC}") = "Task2CreateWebSite", "Task2CreateWebSite\Task2CreateWebSite.csproj", "{4293D543-C4E8-45BE-8032-6C0A79FA1FBF}"
EndProject
Project("{FAE04EC0-301F-11D3-BF4B-00C04F79EFBC}") = "Task3LinkedInWebPage", "Task3LinkedInWebPage\Task3LinkedInWebPage.csproj", "{B86DB4BD-ABAA-44A2-B8F4-758331A6E412}"
EndProject
Global
	GlobalSection(SolutionConfigurationPlatforms) = preSolution
		Debug|Any CPU = Debug|Any CPU
		Release|Any CPU = Release|Any CPU
	EndGlobalSection
	GlobalSection(ProjectConfigurationPlatforms) = postSolution
		{8889AF1B-B23E-4727-8643-CCF45620A4C1}.Debug|Any CPU.ActiveCfg = Debug|Any CPU
		{8889AF1B-B23E-4727-8643-CCF45620A4C1}.Debug|Any CPU.Build.0 = Debug|Any CPU
		{8889AF1B-B23E-4727-8643-CCF45620A4C1}.Release|Any CPU.ActiveCfg = Release|Any CPU
		{8889AF1B-B23E-4727-8643-CCF45620A4C1}.Release|Any CPU.Build.0 = Release|Any CPU
		{4293D543-C4E8-45BE-8032-6C0A79FA1FBF}.Debug|Any CPU.ActiveCfg = Debug|Any CPU
		{4293D543-C4E8-45BE-8032-6C0A79FA1FBF}.Debug|Any CPU.Build.0 = Debug|Any CPU
		{4293D543-C4E8-45BE-8032-6C0A79FA1FBF}.Release|Any CPU.ActiveCfg = Release|Any CPU
		{4293D543-C4E8-45BE-8032-6C0A79FA1FBF}.Release|Any CPU.Build.0 = Release|Any CPU
		{B86DB4BD-ABAA-44A2-B8F4-758331A6E412}.Debug|Any CPU.ActiveCfg = Debug|Any CPU
		{B86DB4BD-ABAA-44A2-B8F4-758331A6E412}.Debug|Any CPU.Build.0 = Debug|Any CPU
		{B86DB4BD-ABAA-44A2-B8F4-758331A6E412}.Release|Any CPU.ActiveCfg = Release|Any CPU
		{B86DB4BD-ABAA-44A2-B8F4-758331A6E412}.Release|Any CPU.Build.0 = Release|Any CPU
	EndGlobalSection
	GlobalSection(SolutionProperties) = preSolution
		HideSolutionNode = FALSE
	EndGlobalSection
EndGlobal
