
Microsoft Visual Studio Solution File, Format Version 12.00
# Visual Studio 2012
Project("{FAE04EC0-301F-11D3-BF4B-00C04F79EFBC}") = "01.SimpleWebPages", "01.SimpleWebPages\01.SimpleWebPages.csproj", "{C47981B5-C52F-41B2-A1D7-20283132E83B}"
EndProject
Project("{FAE04EC0-301F-11D3-BF4B-00C04F79EFBC}") = "02.Table", "02.Table\02.Table.csproj", "{63A3A51C-AB56-4E39-ABA8-C7E132F07981}"
EndProject
Project("{FAE04EC0-301F-11D3-BF4B-00C04F79EFBC}") = "03.Calculator", "03.Calculator\03.Calculator.csproj", "{91DA8CB6-4439-426B-8D08-B0ACC2043269}"
EndProject
Global
	GlobalSection(SolutionConfigurationPlatforms) = preSolution
		Debug|Any CPU = Debug|Any CPU
		Release|Any CPU = Release|Any CPU
	EndGlobalSection
	GlobalSection(ProjectConfigurationPlatforms) = postSolution
		{C47981B5-C52F-41B2-A1D7-20283132E83B}.Debug|Any CPU.ActiveCfg = Debug|Any CPU
		{C47981B5-C52F-41B2-A1D7-20283132E83B}.Debug|Any CPU.Build.0 = Debug|Any CPU
		{C47981B5-C52F-41B2-A1D7-20283132E83B}.Release|Any CPU.ActiveCfg = Release|Any CPU
		{C47981B5-C52F-41B2-A1D7-20283132E83B}.Release|Any CPU.Build.0 = Release|Any CPU
		{63A3A51C-AB56-4E39-ABA8-C7E132F07981}.Debug|Any CPU.ActiveCfg = Debug|Any CPU
		{63A3A51C-AB56-4E39-ABA8-C7E132F07981}.Debug|Any CPU.Build.0 = Debug|Any CPU
		{63A3A51C-AB56-4E39-ABA8-C7E132F07981}.Release|Any CPU.ActiveCfg = Release|Any CPU
		{63A3A51C-AB56-4E39-ABA8-C7E132F07981}.Release|Any CPU.Build.0 = Release|Any CPU
		{91DA8CB6-4439-426B-8D08-B0ACC2043269}.Debug|Any CPU.ActiveCfg = Debug|Any CPU
		{91DA8CB6-4439-426B-8D08-B0ACC2043269}.Debug|Any CPU.Build.0 = Debug|Any CPU
		{91DA8CB6-4439-426B-8D08-B0ACC2043269}.Release|Any CPU.ActiveCfg = Release|Any CPU
		{91DA8CB6-4439-426B-8D08-B0ACC2043269}.Release|Any CPU.Build.0 = Release|Any CPU
	EndGlobalSection
	GlobalSection(SolutionProperties) = preSolution
		HideSolutionNode = FALSE
	EndGlobalSection
EndGlobal
